
Microsoft Visual Studio Solution File, Format Version 12.00
# Visual Studio Version 17
VisualStudioVersion = 17.6.33723.286
MinimumVisualStudioVersion = 10.0.40219.1
Project("{FAE04EC0-301F-11D3-BF4B-00C04F79EFBC}") = "Lab06-zoo", "Lab06-zoo.csproj", "{6B21D636-F4CB-4910-886F-109497EF66DA}"
EndProject
Project("{FAE04EC0-301F-11D3-BF4B-00C04F79EFBC}") = "TestProject3", "..\TestProject3\TestProject3.csproj", "{B0FF65F8-60AF-4ADF-82BD-58F15DB84503}"
EndProject
Global
	GlobalSection(SolutionConfigurationPlatforms) = preSolution
		Debug|Any CPU = Debug|Any CPU
		Release|Any CPU = Release|Any CPU
	EndGlobalSection
	GlobalSection(ProjectConfigurationPlatforms) = postSolution
		{6B21D636-F4CB-4910-886F-109497EF66DA}.Debug|Any CPU.ActiveCfg = Debug|Any CPU
		{6B21D636-F4CB-4910-886F-109497EF66DA}.Debug|Any CPU.Build.0 = Debug|Any CPU
		{6B21D636-F4CB-4910-886F-109497EF66DA}.Release|Any CPU.ActiveCfg = Release|Any CPU
		{6B21D636-F4CB-4910-886F-109497EF66DA}.Release|Any CPU.Build.0 = Release|Any CPU
		{B0FF65F8-60AF-4ADF-82BD-58F15DB84503}.Debug|Any CPU.ActiveCfg = Debug|Any CPU
		{B0FF65F8-60AF-4ADF-82BD-58F15DB84503}.Debug|Any CPU.Build.0 = Debug|Any CPU
		{B0FF65F8-60AF-4ADF-82BD-58F15DB84503}.Release|Any CPU.ActiveCfg = Release|Any CPU
		{B0FF65F8-60AF-4ADF-82BD-58F15DB84503}.Release|Any CPU.Build.0 = Release|Any CPU
	EndGlobalSection
	GlobalSection(SolutionProperties) = preSolution
		HideSolutionNode = FALSE
	EndGlobalSection
	GlobalSection(ExtensibilityGlobals) = postSolution
		SolutionGuid = {53A70709-5F7C-4C18-B6F3-FFFA240AE9A0}
	EndGlobalSection
EndGlobal
